
Microsoft Visual Studio Solution File, Format Version 12.00
# Visual Studio 15
VisualStudioVersion = 15.0.26430.6
MinimumVisualStudioVersion = 10.0.40219.1
Project("{FAE04EC0-301F-11D3-BF4B-00C04F79EFBC}") = "TipCalculator.iOS", "TipCalculator.iOS\TipCalculator.iOS.csproj", "{1BB84BF4-93F2-41C2-887C-EBC877312C88}"
EndProject
Global
	GlobalSection(SolutionConfigurationPlatforms) = preSolution
		Ad-Hoc|iPhone = Ad-Hoc|iPhone
		Ad-Hoc|iPhoneSimulator = Ad-Hoc|iPhoneSimulator
		AppStore|iPhone = AppStore|iPhone
		AppStore|iPhoneSimulator = AppStore|iPhoneSimulator
		Debug|iPhone = Debug|iPhone
		Debug|iPhoneSimulator = Debug|iPhoneSimulator
		Release|iPhone = Release|iPhone
		Release|iPhoneSimulator = Release|iPhoneSimulator
	EndGlobalSection
	GlobalSection(ProjectConfigurationPlatforms) = postSolution
		{1BB84BF4-93F2-41C2-887C-EBC877312C88}.Ad-Hoc|iPhone.ActiveCfg = Ad-Hoc|iPhone
		{1BB84BF4-93F2-41C2-887C-EBC877312C88}.Ad-Hoc|iPhone.Build.0 = Ad-Hoc|iPhone
		{1BB84BF4-93F2-41C2-887C-EBC877312C88}.Ad-Hoc|iPhoneSimulator.ActiveCfg = Ad-Hoc|iPhoneSimulator
		{1BB84BF4-93F2-41C2-887C-EBC877312C88}.Ad-Hoc|iPhoneSimulator.Build.0 = Ad-Hoc|iPhoneSimulator
		{1BB84BF4-93F2-41C2-887C-EBC877312C88}.AppStore|iPhone.ActiveCfg = AppStore|iPhone
		{1BB84BF4-93F2-41C2-887C-EBC877312C88}.AppStore|iPhone.Build.0 = AppStore|iPhone
		{1BB84BF4-93F2-41C2-887C-EBC877312C88}.AppStore|iPhoneSimulator.ActiveCfg = AppStore|iPhoneSimulator
		{1BB84BF4-93F2-41C2-887C-EBC877312C88}.AppStore|iPhoneSimulator.Build.0 = AppStore|iPhoneSimulator
		{1BB84BF4-93F2-41C2-887C-EBC877312C88}.Debug|iPhone.ActiveCfg = Debug|iPhone
		{1BB84BF4-93F2-41C2-887C-EBC877312C88}.Debug|iPhone.Build.0 = Debug|iPhone
		{1BB84BF4-93F2-41C2-887C-EBC877312C88}.Debug|iPhoneSimulator.ActiveCfg = Debug|iPhoneSimulator
		{1BB84BF4-93F2-41C2-887C-EBC877312C88}.Debug|iPhoneSimulator.Build.0 = Debug|iPhoneSimulator
		{1BB84BF4-93F2-41C2-887C-EBC877312C88}.Release|iPhone.ActiveCfg = Release|iPhone
		{1BB84BF4-93F2-41C2-887C-EBC877312C88}.Release|iPhone.Build.0 = Release|iPhone
		{1BB84BF4-93F2-41C2-887C-EBC877312C88}.Release|iPhoneSimulator.ActiveCfg = Release|iPhoneSimulator
		{1BB84BF4-93F2-41C2-887C-EBC877312C88}.Release|iPhoneSimulator.Build.0 = Release|iPhoneSimulator
	EndGlobalSection
	GlobalSection(SolutionProperties) = preSolution
		HideSolutionNode = FALSE
	EndGlobalSection
EndGlobal
