
Microsoft Visual Studio Solution File, Format Version 12.00
# Visual Studio 15
VisualStudioVersion = 15.0.26430.6
MinimumVisualStudioVersion = 10.0.40219.1
Project("{FAE04EC0-301F-11D3-BF4B-00C04F79EFBC}") = "RayHotDog.Android", "RayHotDog\RayHotDog.Android\RayHotDog.Android.csproj", "{37972339-B38B-4592-A0FA-2C07DD4CA237}"
EndProject
Project("{FAE04EC0-301F-11D3-BF4B-00C04F79EFBC}") = "RayHotDog.iOS", "RayHotDog\RayHotDog.iOS\RayHotDog.iOS.csproj", "{2873885F-C393-4DBE-9A93-FAF650ADBBF1}"
EndProject
Project("{FAE04EC0-301F-11D3-BF4B-00C04F79EFBC}") = "RayHotDog.Core", "RayHotDog\RayHotDog\RayHotDog.Core.csproj", "{F2BA265E-8C8B-46A3-AE82-F872913B0874}"
EndProject
Global
	GlobalSection(SolutionConfigurationPlatforms) = preSolution
		Debug|Any CPU = Debug|Any CPU
		Debug|iPhone = Debug|iPhone
		Debug|iPhoneSimulator = Debug|iPhoneSimulator
		Release|Any CPU = Release|Any CPU
		Release|iPhone = Release|iPhone
		Release|iPhoneSimulator = Release|iPhoneSimulator
	EndGlobalSection
	GlobalSection(ProjectConfigurationPlatforms) = postSolution
		{37972339-B38B-4592-A0FA-2C07DD4CA237}.Debug|Any CPU.ActiveCfg = Debug|Any CPU
		{37972339-B38B-4592-A0FA-2C07DD4CA237}.Debug|Any CPU.Build.0 = Debug|Any CPU
		{37972339-B38B-4592-A0FA-2C07DD4CA237}.Debug|Any CPU.Deploy.0 = Debug|Any CPU
		{37972339-B38B-4592-A0FA-2C07DD4CA237}.Debug|iPhone.ActiveCfg = Debug|Any CPU
		{37972339-B38B-4592-A0FA-2C07DD4CA237}.Debug|iPhone.Build.0 = Debug|Any CPU
		{37972339-B38B-4592-A0FA-2C07DD4CA237}.Debug|iPhone.Deploy.0 = Debug|Any CPU
		{37972339-B38B-4592-A0FA-2C07DD4CA237}.Debug|iPhoneSimulator.ActiveCfg = Debug|Any CPU
		{37972339-B38B-4592-A0FA-2C07DD4CA237}.Debug|iPhoneSimulator.Build.0 = Debug|Any CPU
		{37972339-B38B-4592-A0FA-2C07DD4CA237}.Debug|iPhoneSimulator.Deploy.0 = Debug|Any CPU
		{37972339-B38B-4592-A0FA-2C07DD4CA237}.Release|Any CPU.ActiveCfg = Release|Any CPU
		{37972339-B38B-4592-A0FA-2C07DD4CA237}.Release|Any CPU.Build.0 = Release|Any CPU
		{37972339-B38B-4592-A0FA-2C07DD4CA237}.Release|Any CPU.Deploy.0 = Release|Any CPU
		{37972339-B38B-4592-A0FA-2C07DD4CA237}.Release|iPhone.ActiveCfg = Release|Any CPU
		{37972339-B38B-4592-A0FA-2C07DD4CA237}.Release|iPhone.Build.0 = Release|Any CPU
		{37972339-B38B-4592-A0FA-2C07DD4CA237}.Release|iPhone.Deploy.0 = Release|Any CPU
		{37972339-B38B-4592-A0FA-2C07DD4CA237}.Release|iPhoneSimulator.ActiveCfg = Release|Any CPU
		{37972339-B38B-4592-A0FA-2C07DD4CA237}.Release|iPhoneSimulator.Build.0 = Release|Any CPU
		{37972339-B38B-4592-A0FA-2C07DD4CA237}.Release|iPhoneSimulator.Deploy.0 = Release|Any CPU
		{2873885F-C393-4DBE-9A93-FAF650ADBBF1}.Debug|Any CPU.ActiveCfg = Debug|iPhone
		{2873885F-C393-4DBE-9A93-FAF650ADBBF1}.Debug|iPhone.ActiveCfg = Debug|iPhone
		{2873885F-C393-4DBE-9A93-FAF650ADBBF1}.Debug|iPhone.Build.0 = Debug|iPhone
		{2873885F-C393-4DBE-9A93-FAF650ADBBF1}.Debug|iPhoneSimulator.ActiveCfg = Debug|iPhoneSimulator
		{2873885F-C393-4DBE-9A93-FAF650ADBBF1}.Debug|iPhoneSimulator.Build.0 = Debug|iPhoneSimulator
		{2873885F-C393-4DBE-9A93-FAF650ADBBF1}.Release|Any CPU.ActiveCfg = Release|iPhone
		{2873885F-C393-4DBE-9A93-FAF650ADBBF1}.Release|iPhone.ActiveCfg = Release|iPhone
		{2873885F-C393-4DBE-9A93-FAF650ADBBF1}.Release|iPhone.Build.0 = Release|iPhone
		{2873885F-C393-4DBE-9A93-FAF650ADBBF1}.Release|iPhoneSimulator.ActiveCfg = Release|iPhoneSimulator
		{2873885F-C393-4DBE-9A93-FAF650ADBBF1}.Release|iPhoneSimulator.Build.0 = Release|iPhoneSimulator
		{F2BA265E-8C8B-46A3-AE82-F872913B0874}.Debug|Any CPU.ActiveCfg = Debug|Any CPU
		{F2BA265E-8C8B-46A3-AE82-F872913B0874}.Debug|Any CPU.Build.0 = Debug|Any CPU
		{F2BA265E-8C8B-46A3-AE82-F872913B0874}.Debug|iPhone.ActiveCfg = Debug|Any CPU
		{F2BA265E-8C8B-46A3-AE82-F872913B0874}.Debug|iPhone.Build.0 = Debug|Any CPU
		{F2BA265E-8C8B-46A3-AE82-F872913B0874}.Debug|iPhoneSimulator.ActiveCfg = Debug|Any CPU
		{F2BA265E-8C8B-46A3-AE82-F872913B0874}.Debug|iPhoneSimulator.Build.0 = Debug|Any CPU
		{F2BA265E-8C8B-46A3-AE82-F872913B0874}.Release|Any CPU.ActiveCfg = Release|Any CPU
		{F2BA265E-8C8B-46A3-AE82-F872913B0874}.Release|Any CPU.Build.0 = Release|Any CPU
		{F2BA265E-8C8B-46A3-AE82-F872913B0874}.Release|iPhone.ActiveCfg = Release|Any CPU
		{F2BA265E-8C8B-46A3-AE82-F872913B0874}.Release|iPhone.Build.0 = Release|Any CPU
		{F2BA265E-8C8B-46A3-AE82-F872913B0874}.Release|iPhoneSimulator.ActiveCfg = Release|Any CPU
		{F2BA265E-8C8B-46A3-AE82-F872913B0874}.Release|iPhoneSimulator.Build.0 = Release|Any CPU
	EndGlobalSection
	GlobalSection(SolutionProperties) = preSolution
		HideSolutionNode = FALSE
	EndGlobalSection
EndGlobal
